
Microsoft Visual Studio Solution File, Format Version 12.00
# Visual Studio Version 16
VisualStudioVersion = 16.0.29905.134
MinimumVisualStudioVersion = 10.0.40219.1
Project("{FAE04EC0-301F-11D3-BF4B-00C04F79EFBC}") = "FirstProject", "FirstProject\FirstProject.csproj", "{9E88C559-EE64-4266-BE5F-8F4386EEAE58}"
EndProject
Global
	GlobalSection(SolutionConfigurationPlatforms) = preSolution
		Debug|Any CPU = Debug|Any CPU
		Release|Any CPU = Release|Any CPU
	EndGlobalSection
	GlobalSection(ProjectConfigurationPlatforms) = postSolution
		{9E88C559-EE64-4266-BE5F-8F4386EEAE58}.Debug|Any CPU.ActiveCfg = Debug|Any CPU
		{9E88C559-EE64-4266-BE5F-8F4386EEAE58}.Debug|Any CPU.Build.0 = Debug|Any CPU
		{9E88C559-EE64-4266-BE5F-8F4386EEAE58}.Release|Any CPU.ActiveCfg = Release|Any CPU
		{9E88C559-EE64-4266-BE5F-8F4386EEAE58}.Release|Any CPU.Build.0 = Release|Any CPU
	EndGlobalSection
	GlobalSection(SolutionProperties) = preSolution
		HideSolutionNode = FALSE
	EndGlobalSection
	GlobalSection(ExtensibilityGlobals) = postSolution
		SolutionGuid = {A429064D-C8A2-4A4D-AD80-8425860A12BF}
	EndGlobalSection
EndGlobal
